
Microsoft Visual Studio Solution File, Format Version 12.00
# Visual Studio 15
VisualStudioVersion = 15.0.28307.539
MinimumVisualStudioVersion = 10.0.40219.1
Project("{FAE04EC0-301F-11D3-BF4B-00C04F79EFBC}") = "SimpleScheduler", "Simplescheduler\SimpleScheduler.csproj", "{FA121337-1090-4ACE-8039-5089DE8ABB93}"
EndProject
Global
	GlobalSection(SolutionConfigurationPlatforms) = preSolution
		Debug|Any CPU = Debug|Any CPU
		Release|Any CPU = Release|Any CPU
	EndGlobalSection
	GlobalSection(ProjectConfigurationPlatforms) = postSolution
		{FA121337-1090-4ACE-8039-5089DE8ABB93}.Debug|Any CPU.ActiveCfg = Debug|Any CPU
		{FA121337-1090-4ACE-8039-5089DE8ABB93}.Debug|Any CPU.Build.0 = Debug|Any CPU
		{FA121337-1090-4ACE-8039-5089DE8ABB93}.Release|Any CPU.ActiveCfg = Release|Any CPU
		{FA121337-1090-4ACE-8039-5089DE8ABB93}.Release|Any CPU.Build.0 = Release|Any CPU
	EndGlobalSection
	GlobalSection(SolutionProperties) = preSolution
		HideSolutionNode = FALSE
	EndGlobalSection
	GlobalSection(ExtensibilityGlobals) = postSolution
		SolutionGuid = {E56B4F54-D7A3-41AD-9C36-97A07FACC514}
	EndGlobalSection
EndGlobal
